
Microsoft Visual Studio Solution File, Format Version 12.00
# Visual Studio 15
VisualStudioVersion = 15.0.28010.2019
MinimumVisualStudioVersion = 10.0.40219.1
Project("{9A19103F-16F7-4668-BE54-9A1E7A4F7556}") = "SharpSql", "SharpSql\SharpSql.csproj", "{14F3FBD4-23C5-43C0-AA1E-B7F88FD02F27}"
EndProject
Project("{FAE04EC0-301F-11D3-BF4B-00C04F79EFBC}") = "SharpSqlTest", "SharpSqlTest\SharpSqlTest.csproj", "{AAE14B68-2D15-4D92-BB72-14C0D2C2B020}"
	ProjectSection(ProjectDependencies) = postProject
		{14F3FBD4-23C5-43C0-AA1E-B7F88FD02F27} = {14F3FBD4-23C5-43C0-AA1E-B7F88FD02F27}
	EndProjectSection
EndProject
Global
	GlobalSection(SolutionConfigurationPlatforms) = preSolution
		Debug|Any CPU = Debug|Any CPU
		Release|Any CPU = Release|Any CPU
	EndGlobalSection
	GlobalSection(ProjectConfigurationPlatforms) = postSolution
		{14F3FBD4-23C5-43C0-AA1E-B7F88FD02F27}.Debug|Any CPU.ActiveCfg = Debug|Any CPU
		{14F3FBD4-23C5-43C0-AA1E-B7F88FD02F27}.Debug|Any CPU.Build.0 = Debug|Any CPU
		{14F3FBD4-23C5-43C0-AA1E-B7F88FD02F27}.Release|Any CPU.ActiveCfg = Release|Any CPU
		{14F3FBD4-23C5-43C0-AA1E-B7F88FD02F27}.Release|Any CPU.Build.0 = Release|Any CPU
		{AAE14B68-2D15-4D92-BB72-14C0D2C2B020}.Debug|Any CPU.ActiveCfg = Debug|Any CPU
		{AAE14B68-2D15-4D92-BB72-14C0D2C2B020}.Debug|Any CPU.Build.0 = Debug|Any CPU
		{AAE14B68-2D15-4D92-BB72-14C0D2C2B020}.Release|Any CPU.ActiveCfg = Release|Any CPU
		{AAE14B68-2D15-4D92-BB72-14C0D2C2B020}.Release|Any CPU.Build.0 = Release|Any CPU
	EndGlobalSection
	GlobalSection(SolutionProperties) = preSolution
		HideSolutionNode = FALSE
	EndGlobalSection
	GlobalSection(ExtensibilityGlobals) = postSolution
		SolutionGuid = {CBA2A5CF-4090-4EEF-9912-0EF3DAFD5850}
	EndGlobalSection
EndGlobal
